
Microsoft Visual Studio Solution File, Format Version 12.00
# Visual Studio Version 17
VisualStudioVersion = 17.14.36301.6
MinimumVisualStudioVersion = 10.0.40219.1
Project("{FAE04EC0-301F-11D3-BF4B-00C04F79EFBC}") = "Interface", "Interface.csproj", "{A8056436-0A0C-4227-9F9C-74FD2400CBBF}"
EndProject
Project("{FAE04EC0-301F-11D3-BF4B-00C04F79EFBC}") = "DataBase", "DataBase\DataBase.csproj", "{0796EDB6-DD52-43DD-8F18-E18372081871}"
EndProject
Project("{54435603-DBB4-11D2-8724-00A0C9A8B90C}") = "Central-Service-installer", "Central-Service-installer\Central-Service-installer.vdproj", "{ECEFAC2C-0FCD-E1B9-2C74-0FA2BF05156F}"
EndProject
Global
	GlobalSection(SolutionConfigurationPlatforms) = preSolution
		Debug|Any CPU = Debug|Any CPU
		Debug|x86 = Debug|x86
		Release|Any CPU = Release|Any CPU
		Release|x86 = Release|x86
	EndGlobalSection
	GlobalSection(ProjectConfigurationPlatforms) = postSolution
		{A8056436-0A0C-4227-9F9C-74FD2400CBBF}.Debug|Any CPU.ActiveCfg = Debug|Any CPU
		{A8056436-0A0C-4227-9F9C-74FD2400CBBF}.Debug|Any CPU.Build.0 = Debug|Any CPU
		{A8056436-0A0C-4227-9F9C-74FD2400CBBF}.Debug|x86.ActiveCfg = Debug|x86
		{A8056436-0A0C-4227-9F9C-74FD2400CBBF}.Debug|x86.Build.0 = Debug|x86
		{A8056436-0A0C-4227-9F9C-74FD2400CBBF}.Release|Any CPU.ActiveCfg = Release|Any CPU
		{A8056436-0A0C-4227-9F9C-74FD2400CBBF}.Release|Any CPU.Build.0 = Release|Any CPU
		{A8056436-0A0C-4227-9F9C-74FD2400CBBF}.Release|x86.ActiveCfg = Release|x86
		{A8056436-0A0C-4227-9F9C-74FD2400CBBF}.Release|x86.Build.0 = Release|x86
		{0796EDB6-DD52-43DD-8F18-E18372081871}.Debug|Any CPU.ActiveCfg = Debug|Any CPU
		{0796EDB6-DD52-43DD-8F18-E18372081871}.Debug|Any CPU.Build.0 = Debug|Any CPU
		{0796EDB6-DD52-43DD-8F18-E18372081871}.Debug|x86.ActiveCfg = Debug|x86
		{0796EDB6-DD52-43DD-8F18-E18372081871}.Debug|x86.Build.0 = Debug|x86
		{0796EDB6-DD52-43DD-8F18-E18372081871}.Release|Any CPU.ActiveCfg = Release|Any CPU
		{0796EDB6-DD52-43DD-8F18-E18372081871}.Release|Any CPU.Build.0 = Release|Any CPU
		{0796EDB6-DD52-43DD-8F18-E18372081871}.Release|x86.ActiveCfg = Release|x86
		{0796EDB6-DD52-43DD-8F18-E18372081871}.Release|x86.Build.0 = Release|x86
		{ECEFAC2C-0FCD-E1B9-2C74-0FA2BF05156F}.Debug|Any CPU.ActiveCfg = Debug
		{ECEFAC2C-0FCD-E1B9-2C74-0FA2BF05156F}.Debug|Any CPU.Build.0 = Debug
		{ECEFAC2C-0FCD-E1B9-2C74-0FA2BF05156F}.Debug|x86.ActiveCfg = Debug
		{ECEFAC2C-0FCD-E1B9-2C74-0FA2BF05156F}.Debug|x86.Build.0 = Debug
		{ECEFAC2C-0FCD-E1B9-2C74-0FA2BF05156F}.Release|Any CPU.ActiveCfg = Release
		{ECEFAC2C-0FCD-E1B9-2C74-0FA2BF05156F}.Release|Any CPU.Build.0 = Release
		{ECEFAC2C-0FCD-E1B9-2C74-0FA2BF05156F}.Release|x86.ActiveCfg = Release
		{ECEFAC2C-0FCD-E1B9-2C74-0FA2BF05156F}.Release|x86.Build.0 = Release
	EndGlobalSection
	GlobalSection(SolutionProperties) = preSolution
		HideSolutionNode = FALSE
	EndGlobalSection
	GlobalSection(ExtensibilityGlobals) = postSolution
		SolutionGuid = {DF3DD2C4-5107-4BA0-81A6-B4752A397CAF}
	EndGlobalSection
EndGlobal
